Microsoft Visual Studio Solution File, Format Version 12.00
# Visual Studio Version 17
VisualStudioVersion = 17.5.2.0
MinimumVisualStudioVersion = 10.0.40219.1
Project("{FAE04EC0-301F-11D3-BF4B-00C04F79EFBC}") = "RLS.Core", "RLS.Core\RLS.Core.csproj", "{591D8908-FF7A-89EA-626E-F90585FCA4D3}"
EndProject
Global
	GlobalSection(SolutionConfigurationPlatforms) = preSolution
		Debug|Any CPU = Debug|Any CPU
		Release|Any CPU = Release|Any CPU
	EndGlobalSection
	GlobalSection(ProjectConfigurationPlatforms) = postSolution
		{591D8908-FF7A-89EA-626E-F90585FCA4D3}.Debug|Any CPU.ActiveCfg = Debug|Any CPU
		{591D8908-FF7A-89EA-626E-F90585FCA4D3}.Debug|Any CPU.Build.0 = Debug|Any CPU
		{591D8908-FF7A-89EA-626E-F90585FCA4D3}.Release|Any CPU.ActiveCfg = Release|Any CPU
		{591D8908-FF7A-89EA-626E-F90585FCA4D3}.Release|Any CPU.Build.0 = Release|Any CPU
	EndGlobalSection
	GlobalSection(SolutionProperties) = preSolution
		HideSolutionNode = FALSE
	EndGlobalSection
	GlobalSection(ExtensibilityGlobals) = postSolution
		SolutionGuid = {D99D75A5-4073-43E1-BF02-C7288069FE97}
	EndGlobalSection
EndGlobal
